
Microsoft Visual Studio Solution File, Format Version 12.00
# Visual Studio Version 17
VisualStudioVersion = 17.4.33213.308
MinimumVisualStudioVersion = 10.0.40219.1
Project("{FAE04EC0-301F-11D3-BF4B-00C04F79EFBC}") = "Aktur-Proje-1", "Aktur-Proje-1\Aktur-Proje-1.csproj", "{AE405475-B557-4FE6-9A49-A5764B4953EA}"
EndProject
Global
	GlobalSection(SolutionConfigurationPlatforms) = preSolution
		Debug|Any CPU = Debug|Any CPU
		Release|Any CPU = Release|Any CPU
	EndGlobalSection
	GlobalSection(ProjectConfigurationPlatforms) = postSolution
		{AE405475-B557-4FE6-9A49-A5764B4953EA}.Debug|Any CPU.ActiveCfg = Debug|Any CPU
		{AE405475-B557-4FE6-9A49-A5764B4953EA}.Debug|Any CPU.Build.0 = Debug|Any CPU
		{AE405475-B557-4FE6-9A49-A5764B4953EA}.Release|Any CPU.ActiveCfg = Release|Any CPU
		{AE405475-B557-4FE6-9A49-A5764B4953EA}.Release|Any CPU.Build.0 = Release|Any CPU
	EndGlobalSection
	GlobalSection(SolutionProperties) = preSolution
		HideSolutionNode = FALSE
	EndGlobalSection
	GlobalSection(ExtensibilityGlobals) = postSolution
		SolutionGuid = {20BBA335-38A8-4CEF-959E-188E96B8C63F}
	EndGlobalSection
EndGlobal
